
Microsoft Visual Studio Solution File, Format Version 12.00
# Visual Studio 15
VisualStudioVersion = 15.0.28307.168
MinimumVisualStudioVersion = 10.0.40219.1
Project("{FAE04EC0-301F-11D3-BF4B-00C04F79EFBC}") = "BSTemplate", "BSTemplate\BSTemplate.csproj", "{5D6B5E07-EFD3-4597-AFCC-31A452CEBCB0}"
EndProject
Project("{FAE04EC0-301F-11D3-BF4B-00C04F79EFBC}") = "BS.Infrastructure", "BS.Infrastructure\BS.Infrastructure.csproj", "{536A3E6A-9697-477D-8F55-4EB4D358D5AE}"
EndProject
Project("{FAE04EC0-301F-11D3-BF4B-00C04F79EFBC}") = "BS.Entity", "BS.Entity\BS.Entity.csproj", "{F223B0A2-43A0-49AD-86E3-48675DA9BF46}"
EndProject
Project("{FAE04EC0-301F-11D3-BF4B-00C04F79EFBC}") = "BS.Data", "BS.Data\BS.Data.csproj", "{3F131CBB-E4A6-4C58-A608-80AD99FB23F0}"
EndProject
Project("{FAE04EC0-301F-11D3-BF4B-00C04F79EFBC}") = "BS.Service", "BS.Service\BS.Service.csproj", "{3FAC8453-38F9-41CE-B68D-6D2BBAF6BC08}"
EndProject
Global
	GlobalSection(SolutionConfigurationPlatforms) = preSolution
		Debug|Any CPU = Debug|Any CPU
		Release|Any CPU = Release|Any CPU
	EndGlobalSection
	GlobalSection(ProjectConfigurationPlatforms) = postSolution
		{5D6B5E07-EFD3-4597-AFCC-31A452CEBCB0}.Debug|Any CPU.ActiveCfg = Debug|Any CPU
		{5D6B5E07-EFD3-4597-AFCC-31A452CEBCB0}.Debug|Any CPU.Build.0 = Debug|Any CPU
		{5D6B5E07-EFD3-4597-AFCC-31A452CEBCB0}.Release|Any CPU.ActiveCfg = Release|Any CPU
		{5D6B5E07-EFD3-4597-AFCC-31A452CEBCB0}.Release|Any CPU.Build.0 = Release|Any CPU
		{536A3E6A-9697-477D-8F55-4EB4D358D5AE}.Debug|Any CPU.ActiveCfg = Debug|Any CPU
		{536A3E6A-9697-477D-8F55-4EB4D358D5AE}.Debug|Any CPU.Build.0 = Debug|Any CPU
		{536A3E6A-9697-477D-8F55-4EB4D358D5AE}.Release|Any CPU.ActiveCfg = Release|Any CPU
		{536A3E6A-9697-477D-8F55-4EB4D358D5AE}.Release|Any CPU.Build.0 = Release|Any CPU
		{F223B0A2-43A0-49AD-86E3-48675DA9BF46}.Debug|Any CPU.ActiveCfg = Debug|Any CPU
		{F223B0A2-43A0-49AD-86E3-48675DA9BF46}.Debug|Any CPU.Build.0 = Debug|Any CPU
		{F223B0A2-43A0-49AD-86E3-48675DA9BF46}.Release|Any CPU.ActiveCfg = Release|Any CPU
		{F223B0A2-43A0-49AD-86E3-48675DA9BF46}.Release|Any CPU.Build.0 = Release|Any CPU
		{3F131CBB-E4A6-4C58-A608-80AD99FB23F0}.Debug|Any CPU.ActiveCfg = Debug|Any CPU
		{3F131CBB-E4A6-4C58-A608-80AD99FB23F0}.Debug|Any CPU.Build.0 = Debug|Any CPU
		{3F131CBB-E4A6-4C58-A608-80AD99FB23F0}.Release|Any CPU.ActiveCfg = Release|Any CPU
		{3F131CBB-E4A6-4C58-A608-80AD99FB23F0}.Release|Any CPU.Build.0 = Release|Any CPU
		{3FAC8453-38F9-41CE-B68D-6D2BBAF6BC08}.Debug|Any CPU.ActiveCfg = Debug|Any CPU
		{3FAC8453-38F9-41CE-B68D-6D2BBAF6BC08}.Debug|Any CPU.Build.0 = Debug|Any CPU
		{3FAC8453-38F9-41CE-B68D-6D2BBAF6BC08}.Release|Any CPU.ActiveCfg = Release|Any CPU
		{3FAC8453-38F9-41CE-B68D-6D2BBAF6BC08}.Release|Any CPU.Build.0 = Release|Any CPU
	EndGlobalSection
	GlobalSection(SolutionProperties) = preSolution
		HideSolutionNode = FALSE
	EndGlobalSection
	GlobalSection(ExtensibilityGlobals) = postSolution
		SolutionGuid = {5E5F5F91-5A05-4D67-83B8-1B71941F3797}
	EndGlobalSection
EndGlobal
